PODS:
  - CLImageEditor (0.1.3):
    - CLImageEditor/Core (= 0.1.3)
  - CLImageEditor/Core (0.1.3)
  - RKDropdownAlert (0.3.0)
  - UzysAssetsPickerController (0.9.9)

DEPENDENCIES:
  - CLImageEditor (= 0.1.3)
  - RKDropdownAlert
  - UzysAssetsPickerController

SPEC CHECKSUMS:
  CLImageEditor: c54336f80300d47694f7e5e95f6c0a1632ad503d
  RKDropdownAlert: f4b3364c251829ad439dc666836a1f2dad26f4c7
  UzysAssetsPickerController: 47c27bd96955467925f3d4d80b1e2e8aaeff766d

COCOAPODS: 0.39.0
